
Microsoft Visual Studio Solution File, Format Version 12.00
# Visual Studio 16
Project("{FAE04EC0-301F-11D3-BF4B-00C04F79EFBC}") = "Assembly-CSharp", "Assembly-CSharp.csproj", "{901D3583-271F-2692-1F86-CF34F2A5ABDB}"
EndProject
Project("{FAE04EC0-301F-11D3-BF4B-00C04F79EFBC}") = "Assembly-CSharp-Editor", "Assembly-CSharp-Editor.csproj", "{62506DBC-1FC0-0C05-2886-713CC79E3843}"
EndProject
Global
	GlobalSection(SolutionConfigurationPlatforms) = preSolution
		Debug|Any CPU = Debug|Any CPU
		Release|Any CPU = Release|Any CPU
	EndGlobalSection
	GlobalSection(ProjectConfigurationPlatforms) = postSolution
		{901D3583-271F-2692-1F86-CF34F2A5ABDB}.Debug|Any CPU.ActiveCfg = Debug|Any CPU
		{901D3583-271F-2692-1F86-CF34F2A5ABDB}.Debug|Any CPU.Build.0 = Debug|Any CPU
		{901D3583-271F-2692-1F86-CF34F2A5ABDB}.Release|Any CPU.ActiveCfg = Release|Any CPU
		{901D3583-271F-2692-1F86-CF34F2A5ABDB}.Release|Any CPU.Build.0 = Release|Any CPU
		{62506DBC-1FC0-0C05-2886-713CC79E3843}.Debug|Any CPU.ActiveCfg = Debug|Any CPU
		{62506DBC-1FC0-0C05-2886-713CC79E3843}.Debug|Any CPU.Build.0 = Debug|Any CPU
		{62506DBC-1FC0-0C05-2886-713CC79E3843}.Release|Any CPU.ActiveCfg = Release|Any CPU
		{62506DBC-1FC0-0C05-2886-713CC79E3843}.Release|Any CPU.Build.0 = Release|Any CPU
	EndGlobalSection
	GlobalSection(SolutionProperties) = preSolution
		HideSolutionNode = FALSE
	EndGlobalSection
	GlobalSection(MonoDevelopProperties) = preSolution
		StartupItem = Assembly-CSharp.csproj
	EndGlobalSection
EndGlobal
